
Microsoft Visual Studio Solution File, Format Version 12.00
# Visual Studio Version 16
VisualStudioVersion = 16.0.30011.22
MinimumVisualStudioVersion = 10.0.40219.1
Project("{9A19103F-16F7-4668-BE54-9A1E7A4F7556}") = "ex_10", "ex_10.csproj", "{3ADE7760-F4DE-45D7-894F-598421463A11}"
EndProject
Global
	GlobalSection(SolutionConfigurationPlatforms) = preSolution
		Debug|Any CPU = Debug|Any CPU
		Release|Any CPU = Release|Any CPU
	EndGlobalSection
	GlobalSection(ProjectConfigurationPlatforms) = postSolution
		{3ADE7760-F4DE-45D7-894F-598421463A11}.Debug|Any CPU.ActiveCfg = Debug|Any CPU
		{3ADE7760-F4DE-45D7-894F-598421463A11}.Debug|Any CPU.Build.0 = Debug|Any CPU
		{3ADE7760-F4DE-45D7-894F-598421463A11}.Release|Any CPU.ActiveCfg = Release|Any CPU
		{3ADE7760-F4DE-45D7-894F-598421463A11}.Release|Any CPU.Build.0 = Release|Any CPU
	EndGlobalSection
	GlobalSection(SolutionProperties) = preSolution
		HideSolutionNode = FALSE
	EndGlobalSection
	GlobalSection(ExtensibilityGlobals) = postSolution
		SolutionGuid = {5B400680-5CCC-42C5-84AB-0FE748CECFD3}
	EndGlobalSection
EndGlobal
